
Microsoft Visual Studio Solution File, Format Version 12.00
# Visual Studio Version 16
VisualStudioVersion = 16.0.31105.61
MinimumVisualStudioVersion = 10.0.40219.1
Project("{FAE04EC0-301F-11D3-BF4B-00C04F79EFBC}") = "muyaho", "muyaho\muyaho.csproj", "{9C0C0F00-78EE-492B-8BFE-5493DC55FD27}"
EndProject
Global
	GlobalSection(SolutionConfigurationPlatforms) = preSolution
		Debug|Any CPU = Debug|Any CPU
		Release|Any CPU = Release|Any CPU
	EndGlobalSection
	GlobalSection(ProjectConfigurationPlatforms) = postSolution
		{9C0C0F00-78EE-492B-8BFE-5493DC55FD27}.Debug|Any CPU.ActiveCfg = Debug|Any CPU
		{9C0C0F00-78EE-492B-8BFE-5493DC55FD27}.Debug|Any CPU.Build.0 = Debug|Any CPU
		{9C0C0F00-78EE-492B-8BFE-5493DC55FD27}.Release|Any CPU.ActiveCfg = Release|Any CPU
		{9C0C0F00-78EE-492B-8BFE-5493DC55FD27}.Release|Any CPU.Build.0 = Release|Any CPU
	EndGlobalSection
	GlobalSection(SolutionProperties) = preSolution
		HideSolutionNode = FALSE
	EndGlobalSection
	GlobalSection(ExtensibilityGlobals) = postSolution
		SolutionGuid = {F5C9B0D4-CCBB-4602-BF14-59E9E531F88F}
	EndGlobalSection
EndGlobal
